<?xml version="1.0" encoding="utf-8"?>
<Project ToolsVersion="4.0" xmlns="http://schemas.microsoft.com/developer/msbuild/2003">
  <ItemGroup>
    <Filter Include="Source Files">
      <UniqueIdentifier>{4FC737F1-C7A5-4376-A066-2A32D752A2FF}</UniqueIdentifier>
      <Extensions>cpp;c;cc;cxx;def;odl;idl;hpj;bat;asm;asmx</Extensions>
    </Filter>
    <Filter Include="Header Files">
      <UniqueIdentifier>{93995380-89BD-4b04-88EB-625FBE52EBFB}</UniqueIdentifier>
      <Extensions>h;hh;hpp;hxx;hm;inl;inc;ipp;xsd</Extensions>
    </Filter>
    <Filter Include="Resource Files">
      <UniqueIdentifier>{67DA6AB6-F800-4c08-8B7A-83BB121AAD01}</UniqueIdentifier>
      <Extensions>rc;ico;cur;bmp;dlg;rc2;rct;bin;rgs;gif;jpg;jpeg;jpe;resx;tiff;tif;png;wav;mfcribbon-ms</Extensions>
    </Filter>
    <Filter Include="Header Files\Tasks">
      <UniqueIdentifier>{e887dbd1-6c86-413e-9695-5451e82c8e1a}</UniqueIdentifier>
    </Filter>
    <Filter Include="Source Files\Task">
      <UniqueIdentifier>{a7c24ba1-3ac5-4a51-b5b3-3495b3993027}</UniqueIdentifier>
    </Filter>
    <Filter Include="Header Files\Tasks\Enums">
      <UniqueIdentifier>{f1c0f0c3-110b-44bd-8ea3-70958fe1e0f1}</UniqueIdentifier>
    </Filter>
    <Filter Include="Header Files\Tasks\Structs">
      <UniqueIdentifier>{6f18c221-c543-4d20-aba7-57fcb9849041}</UniqueIdentifier>
    </Filter>
    <Filter Include="Source Files\Task\Structs">
      <UniqueIdentifier>{3e93a723-59e2-41da-bcf2-912a5d5df3a3}</UniqueIdentifier>
    </Filter>
    <Filter Include="Source Files\Task\Enums">
      <UniqueIdentifier>{f8639998-0aaa-4fd5-901d-9a6809b27172}</UniqueIdentifier>
    </Filter>
  </ItemGroup>
  <ItemGroup>
    <ClCompile Include="Main.cpp">
      <Filter>Source Files</Filter>
    </ClCompile>
    <ClCompile Include="OutPutFormatting.cpp">
      <Filter>Source Files</Filter>
    </ClCompile>
    <ClCompile Include="Rectangle.cpp">
      <Filter>Source Files\Task\Structs</Filter>
    </ClCompile>
    <ClCompile Include="Time.cpp">
      <Filter>Source Files\Task\Structs</Filter>
    </ClCompile>
    <ClCompile Include="Flight.cpp">
      <Filter>Source Files\Task\Structs</Filter>
    </ClCompile>
    <ClCompile Include="Movie.cpp">
      <Filter>Source Files\Task\Structs</Filter>
    </ClCompile>
    <ClCompile Include="Color.cpp">
      <Filter>Source Files\Task\Enums</Filter>
    </ClCompile>
    <ClCompile Include="Circle.cpp">
      <Filter>Source Files\Task\Structs</Filter>
    </ClCompile>
    <ClCompile Include="Exceptions.cpp">
      <Filter>Source Files\Task</Filter>
    </ClCompile>
  </ItemGroup>
  <ItemGroup>
    <ClInclude Include="Main.h">
      <Filter>Header Files</Filter>
    </ClInclude>
    <ClInclude Include="OutPutFormatting.h">
      <Filter>Header Files</Filter>
    </ClInclude>
    <ClInclude Include="Color.h">
      <Filter>Header Files\Tasks\Enums</Filter>
    </ClInclude>
    <ClInclude Include="DayOfWeek.h">
      <Filter>Header Files\Tasks\Enums</Filter>
    </ClInclude>
    <ClInclude Include="MovieGenre.h">
      <Filter>Header Files\Tasks\Enums</Filter>
    </ClInclude>
    <ClInclude Include="FormOfEducation.h">
      <Filter>Header Files\Tasks\Enums</Filter>
    </ClInclude>
    <ClInclude Include="ManufacturerOfSmartphones.h">
      <Filter>Header Files\Tasks\Enums</Filter>
    </ClInclude>
    <ClInclude Include="Season.h">
      <Filter>Header Files\Tasks\Enums</Filter>
    </ClInclude>
    <ClInclude Include="Rectangle.h">
      <Filter>Header Files\Tasks\Structs</Filter>
    </ClInclude>
    <ClInclude Include="Flight.h">
      <Filter>Header Files\Tasks\Structs</Filter>
    </ClInclude>
    <ClInclude Include="Movie.h">
      <Filter>Header Files\Tasks\Structs</Filter>
    </ClInclude>
    <ClInclude Include="Time.h">
      <Filter>Header Files\Tasks\Structs</Filter>
    </ClInclude>
    <ClInclude Include="Contact.h">
      <Filter>Header Files\Tasks\Structs</Filter>
    </ClInclude>
    <ClInclude Include="Music.h">
      <Filter>Header Files\Tasks\Structs</Filter>
    </ClInclude>
    <ClInclude Include="Discipline.h">
      <Filter>Header Files\Tasks\Structs</Filter>
    </ClInclude>
    <ClInclude Include="Circle.h">
      <Filter>Header Files\Tasks\Structs</Filter>
    </ClInclude>
    <ClInclude Include="Exceptions.h">
      <Filter>Header Files\Tasks</Filter>
    </ClInclude>
  </ItemGroup>
</Project>